
Microsoft Visual Studio Solution File, Format Version 12.00
# Visual Studio Version 17
VisualStudioVersion = 17.10.35013.160
MinimumVisualStudioVersion = 10.0.40219.1
Project("{FAE04EC0-301F-11D3-BF4B-00C04F79EFBC}") = "Aufgabe Taskmaster", "Aufgabe Taskmaster.csproj", "{2B33DB8E-929E-4310-BB8F-739A2A41798E}"
EndProject
Global
	GlobalSection(SolutionConfigurationPlatforms) = preSolution
		Debug|Any CPU = Debug|Any CPU
		Release|Any CPU = Release|Any CPU
	EndGlobalSection
	GlobalSection(ProjectConfigurationPlatforms) = postSolution
		{2B33DB8E-929E-4310-BB8F-739A2A41798E}.Debug|Any CPU.ActiveCfg = Debug|Any CPU
		{2B33DB8E-929E-4310-BB8F-739A2A41798E}.Debug|Any CPU.Build.0 = Debug|Any CPU
		{2B33DB8E-929E-4310-BB8F-739A2A41798E}.Release|Any CPU.ActiveCfg = Release|Any CPU
		{2B33DB8E-929E-4310-BB8F-739A2A41798E}.Release|Any CPU.Build.0 = Release|Any CPU
	EndGlobalSection
	GlobalSection(SolutionProperties) = preSolution
		HideSolutionNode = FALSE
	EndGlobalSection
	GlobalSection(ExtensibilityGlobals) = postSolution
		SolutionGuid = {5B4AA0CF-9D0C-40FA-A9BC-8F605425CEFF}
	EndGlobalSection
EndGlobal
