
Microsoft Visual Studio Solution File, Format Version 12.00
# Visual Studio Version 17
VisualStudioVersion = 17.10.35013.160
MinimumVisualStudioVersion = 10.0.40219.1
Project("{FAE04EC0-301F-11D3-BF4B-00C04F79EFBC}") = "Aufgabe OnlyEvenNumbers", "Aufgabe OnlyEvenNumbers.csproj", "{8FF2CB56-A749-4991-8D04-1CCA74474187}"
EndProject
Global
	GlobalSection(SolutionConfigurationPlatforms) = preSolution
		Debug|Any CPU = Debug|Any CPU
		Release|Any CPU = Release|Any CPU
	EndGlobalSection
	GlobalSection(ProjectConfigurationPlatforms) = postSolution
		{8FF2CB56-A749-4991-8D04-1CCA74474187}.Debug|Any CPU.ActiveCfg = Debug|Any CPU
		{8FF2CB56-A749-4991-8D04-1CCA74474187}.Debug|Any CPU.Build.0 = Debug|Any CPU
		{8FF2CB56-A749-4991-8D04-1CCA74474187}.Release|Any CPU.ActiveCfg = Release|Any CPU
		{8FF2CB56-A749-4991-8D04-1CCA74474187}.Release|Any CPU.Build.0 = Release|Any CPU
	EndGlobalSection
	GlobalSection(SolutionProperties) = preSolution
		HideSolutionNode = FALSE
	EndGlobalSection
	GlobalSection(ExtensibilityGlobals) = postSolution
		SolutionGuid = {27BCECE0-B9D5-4509-9C1E-F8C0A37E4849}
	EndGlobalSection
EndGlobal
