
Microsoft Visual Studio Solution File, Format Version 12.00
# Visual Studio Version 17
VisualStudioVersion = 17.10.35013.160
MinimumVisualStudioVersion = 10.0.40219.1
Project("{FAE04EC0-301F-11D3-BF4B-00C04F79EFBC}") = "Calculator mit ENums", "Calculator mit ENums.csproj", "{E354FFEE-2466-4C1B-B071-8407A4F3042C}"
EndProject
Global
	GlobalSection(SolutionConfigurationPlatforms) = preSolution
		Debug|Any CPU = Debug|Any CPU
		Release|Any CPU = Release|Any CPU
	EndGlobalSection
	GlobalSection(ProjectConfigurationPlatforms) = postSolution
		{E354FFEE-2466-4C1B-B071-8407A4F3042C}.Debug|Any CPU.ActiveCfg = Debug|Any CPU
		{E354FFEE-2466-4C1B-B071-8407A4F3042C}.Debug|Any CPU.Build.0 = Debug|Any CPU
		{E354FFEE-2466-4C1B-B071-8407A4F3042C}.Release|Any CPU.ActiveCfg = Release|Any CPU
		{E354FFEE-2466-4C1B-B071-8407A4F3042C}.Release|Any CPU.Build.0 = Release|Any CPU
	EndGlobalSection
	GlobalSection(SolutionProperties) = preSolution
		HideSolutionNode = FALSE
	EndGlobalSection
	GlobalSection(ExtensibilityGlobals) = postSolution
		SolutionGuid = {5FCE93CC-2E92-4514-BE1E-B52CBC761D24}
	EndGlobalSection
EndGlobal
