
Microsoft Visual Studio Solution File, Format Version 12.00
# Visual Studio Version 17
VisualStudioVersion = 17.10.35013.160
MinimumVisualStudioVersion = 10.0.40219.1
Project("{FAE04EC0-301F-11D3-BF4B-00C04F79EFBC}") = "Aufgabe Wörter Zählen", "Aufgabe Wörter Zählen.csproj", "{6AB43736-F497-4E4D-921D-A97BCBFF7EDE}"
EndProject
Global
	GlobalSection(SolutionConfigurationPlatforms) = preSolution
		Debug|Any CPU = Debug|Any CPU
		Release|Any CPU = Release|Any CPU
	EndGlobalSection
	GlobalSection(ProjectConfigurationPlatforms) = postSolution
		{6AB43736-F497-4E4D-921D-A97BCBFF7EDE}.Debug|Any CPU.ActiveCfg = Debug|Any CPU
		{6AB43736-F497-4E4D-921D-A97BCBFF7EDE}.Debug|Any CPU.Build.0 = Debug|Any CPU
		{6AB43736-F497-4E4D-921D-A97BCBFF7EDE}.Release|Any CPU.ActiveCfg = Release|Any CPU
		{6AB43736-F497-4E4D-921D-A97BCBFF7EDE}.Release|Any CPU.Build.0 = Release|Any CPU
	EndGlobalSection
	GlobalSection(SolutionProperties) = preSolution
		HideSolutionNode = FALSE
	EndGlobalSection
	GlobalSection(ExtensibilityGlobals) = postSolution
		SolutionGuid = {4063BC89-ADE9-4F92-875B-37242EF0B795}
	EndGlobalSection
EndGlobal
